
Microsoft Visual Studio Solution File, Format Version 12.00
# Visual Studio Version 17
VisualStudioVersion = 17.10.35027.167
MinimumVisualStudioVersion = 10.0.40219.1
Project("{9A19103F-16F7-4668-BE54-9A1E7A4F7556}") = "Surefire", "Surefire\Surefire.csproj", "{6C9F7FD0-469D-4B43-9FFB-4F29D2D7617B}"
EndProject
Project("{2150E333-8FDC-42A3-9474-1A3956D46DE8}") = "Plugins", "Plugins", "{2A0E3944-BB6A-4FFE-8088-9699E502C2F6}"
	ProjectSection(SolutionItems) = preProject
		Plugins\Instructions.txt = Plugins\Instructions.txt
	EndProjectSection
EndProject
Project("{FAE04EC0-301F-11D3-BF4B-00C04F79EFBC}") = "AppliedEpic", "Plugins\AppliedEpicCRM\AppliedEpic.csproj", "{BC154E37-A3EE-41BB-82FE-98AB9D21885D}"
EndProject
Project("{FAE04EC0-301F-11D3-BF4B-00C04F79EFBC}") = "RingCentral", "Plugins\RingCentral\RingCentral.csproj", "{0BA53E63-D714-435F-AED3-13E28DDACBC7}"
EndProject
Project("{FAE04EC0-301F-11D3-BF4B-00C04F79EFBC}") = "ePayPolicy", "Plugins\ePayPolicy\ePayPolicy.csproj", "{90F54A2C-F922-4EEA-A91B-47845B4F28A2}"
EndProject
Project("{2150E333-8FDC-42A3-9474-1A3956D46DE8}") = "Windows", "Windows", "{104A90E1-18F2-4B52-B97B-39AB8AAF2131}"
EndProject
Project("{FAE04EC0-301F-11D3-BF4B-00C04F79EFBC}") = "Surefire.Tray", "Applications\Surefire.Tray\Surefire.Tray.csproj", "{5A5B9286-22B3-47B5-B0DE-2B21D095BCD1}"
EndProject
Project("{FAE04EC0-301F-11D3-BF4B-00C04F79EFBC}") = "Surefire.Call", "Applications\Surefire.Call\Surefire.Call.csproj", "{93C365D2-C4A4-45D9-9CEE-22A02E668C1E}"
EndProject
Project("{FAE04EC0-301F-11D3-BF4B-00C04F79EFBC}") = "Surefire.Desktop", "Applications\Surefire.Desktop\Surefire.Desktop.csproj", "{0FA5252D-E8DB-4BA6-9389-1AD7BC6957BA}"
EndProject
Project("{2150E333-8FDC-42A3-9474-1A3956D46DE8}") = "Goodies", "Goodies", "{7A746BFD-D342-4F67-8ADC-F461ACF73EC1}"
EndProject
Project("{2150E333-8FDC-42A3-9474-1A3956D46DE8}") = "Photoshop", "Photoshop", "{59A4B32B-4E22-416F-A337-0074CC48F2D5}"
	ProjectSection(SolutionItems) = preProject
		Goodies\Photoshop\banner-homepage.psd = Goodies\Photoshop\banner-homepage.psd
	EndProjectSection
EndProject
Project("{2150E333-8FDC-42A3-9474-1A3956D46DE8}") = "WordMacros", "WordMacros", "{11F61D9C-6B9E-4358-A92D-7907AB6C2AD5}"
	ProjectSection(SolutionItems) = preProject
		Goodies\WordMacros\CleanAcordXML.bas = Goodies\WordMacros\CleanAcordXML.bas
		Goodies\WordMacros\Clipboard.bas = Goodies\WordMacros\Clipboard.bas
		Goodies\WordMacros\SendAsEmail.bas = Goodies\WordMacros\SendAsEmail.bas
		Goodies\WordMacros\UpdateProposal.bas = Goodies\WordMacros\UpdateProposal.bas
		Goodies\WordMacros\UpdateProposal.cls = Goodies\WordMacros\UpdateProposal.cls
		Goodies\WordMacros\WrapXML.bas = Goodies\WordMacros\WrapXML.bas
	EndProjectSection
EndProject
Project("{2150E333-8FDC-42A3-9474-1A3956D46DE8}") = "Installer", "Installer", "{0A69C4B1-1AC1-45F7-8F0C-5D2F1DAF17B7}"
	ProjectSection(SolutionItems) = preProject
		Goodies\Installer\Installer.iss = Goodies\Installer\Installer.iss
		Goodies\Installer\Lic.rtf = Goodies\Installer\Lic.rtf
		Goodies\Installer\sf-large.bmp = Goodies\Installer\sf-large.bmp
		Goodies\Installer\sf-small.bmp = Goodies\Installer\sf-small.bmp
		Goodies\Installer\surefireicon.ico = Goodies\Installer\surefireicon.ico
		Goodies\Installer\Wel.rtf = Goodies\Installer\Wel.rtf
	EndProjectSection
EndProject
Global
	GlobalSection(SolutionConfigurationPlatforms) = preSolution
		Debug|Any CPU = Debug|Any CPU
		Release|Any CPU = Release|Any CPU
	EndGlobalSection
	GlobalSection(ProjectConfigurationPlatforms) = postSolution
		{6C9F7FD0-469D-4B43-9FFB-4F29D2D7617B}.Debug|Any CPU.ActiveCfg = Debug|Any CPU
		{6C9F7FD0-469D-4B43-9FFB-4F29D2D7617B}.Debug|Any CPU.Build.0 = Debug|Any CPU
		{6C9F7FD0-469D-4B43-9FFB-4F29D2D7617B}.Release|Any CPU.ActiveCfg = Release|Any CPU
		{6C9F7FD0-469D-4B43-9FFB-4F29D2D7617B}.Release|Any CPU.Build.0 = Release|Any CPU
		{BC154E37-A3EE-41BB-82FE-98AB9D21885D}.Debug|Any CPU.ActiveCfg = Debug|Any CPU
		{BC154E37-A3EE-41BB-82FE-98AB9D21885D}.Release|Any CPU.ActiveCfg = Release|Any CPU
		{BC154E37-A3EE-41BB-82FE-98AB9D21885D}.Release|Any CPU.Build.0 = Release|Any CPU
		{0BA53E63-D714-435F-AED3-13E28DDACBC7}.Debug|Any CPU.ActiveCfg = Debug|Any CPU
		{0BA53E63-D714-435F-AED3-13E28DDACBC7}.Release|Any CPU.ActiveCfg = Release|Any CPU
		{0BA53E63-D714-435F-AED3-13E28DDACBC7}.Release|Any CPU.Build.0 = Release|Any CPU
		{90F54A2C-F922-4EEA-A91B-47845B4F28A2}.Debug|Any CPU.ActiveCfg = Debug|Any CPU
		{90F54A2C-F922-4EEA-A91B-47845B4F28A2}.Release|Any CPU.ActiveCfg = Release|Any CPU
		{90F54A2C-F922-4EEA-A91B-47845B4F28A2}.Release|Any CPU.Build.0 = Release|Any CPU
		{5A5B9286-22B3-47B5-B0DE-2B21D095BCD1}.Debug|Any CPU.ActiveCfg = Debug|Any CPU
		{5A5B9286-22B3-47B5-B0DE-2B21D095BCD1}.Release|Any CPU.ActiveCfg = Release|Any CPU
		{5A5B9286-22B3-47B5-B0DE-2B21D095BCD1}.Release|Any CPU.Build.0 = Release|Any CPU
		{93C365D2-C4A4-45D9-9CEE-22A02E668C1E}.Debug|Any CPU.ActiveCfg = Debug|Any CPU
		{93C365D2-C4A4-45D9-9CEE-22A02E668C1E}.Release|Any CPU.ActiveCfg = Release|Any CPU
		{93C365D2-C4A4-45D9-9CEE-22A02E668C1E}.Release|Any CPU.Build.0 = Release|Any CPU
		{0FA5252D-E8DB-4BA6-9389-1AD7BC6957BA}.Debug|Any CPU.ActiveCfg = Debug|Any CPU
		{0FA5252D-E8DB-4BA6-9389-1AD7BC6957BA}.Debug|Any CPU.Build.0 = Debug|Any CPU
		{0FA5252D-E8DB-4BA6-9389-1AD7BC6957BA}.Release|Any CPU.ActiveCfg = Release|Any CPU
		{0FA5252D-E8DB-4BA6-9389-1AD7BC6957BA}.Release|Any CPU.Build.0 = Release|Any CPU
	EndGlobalSection
	GlobalSection(SolutionProperties) = preSolution
		HideSolutionNode = FALSE
	EndGlobalSection
	GlobalSection(NestedProjects) = preSolution
		{BC154E37-A3EE-41BB-82FE-98AB9D21885D} = {2A0E3944-BB6A-4FFE-8088-9699E502C2F6}
		{0BA53E63-D714-435F-AED3-13E28DDACBC7} = {2A0E3944-BB6A-4FFE-8088-9699E502C2F6}
		{90F54A2C-F922-4EEA-A91B-47845B4F28A2} = {2A0E3944-BB6A-4FFE-8088-9699E502C2F6}
		{5A5B9286-22B3-47B5-B0DE-2B21D095BCD1} = {104A90E1-18F2-4B52-B97B-39AB8AAF2131}
		{93C365D2-C4A4-45D9-9CEE-22A02E668C1E} = {104A90E1-18F2-4B52-B97B-39AB8AAF2131}
		{0FA5252D-E8DB-4BA6-9389-1AD7BC6957BA} = {104A90E1-18F2-4B52-B97B-39AB8AAF2131}
		{59A4B32B-4E22-416F-A337-0074CC48F2D5} = {7A746BFD-D342-4F67-8ADC-F461ACF73EC1}
		{11F61D9C-6B9E-4358-A92D-7907AB6C2AD5} = {7A746BFD-D342-4F67-8ADC-F461ACF73EC1}
		{0A69C4B1-1AC1-45F7-8F0C-5D2F1DAF17B7} = {7A746BFD-D342-4F67-8ADC-F461ACF73EC1}
	EndGlobalSection
	GlobalSection(ExtensibilityGlobals) = postSolution
		SolutionGuid = {1DB27740-CCD5-4B49-8E91-2DF484708326}
	EndGlobalSection
EndGlobal
