
Microsoft Visual Studio Solution File, Format Version 12.00
# Visual Studio Version 17
VisualStudioVersion = 17.10.35027.167
MinimumVisualStudioVersion = 10.0.40219.1
Project("{2150E333-8FDC-42A3-9474-1A3956D46DE8}") = "Goodies", "Goodies", "{7A746BFD-D342-4F67-8ADC-F461ACF73EC1}"
EndProject
Project("{2150E333-8FDC-42A3-9474-1A3956D46DE8}") = "Photoshop", "Photoshop", "{59A4B32B-4E22-416F-A337-0074CC48F2D5}"
	ProjectSection(SolutionItems) = preProject
		Goodies\Photoshop\banner-homepage.psd = Goodies\Photoshop\banner-homepage.psd
	EndProjectSection
EndProject
Project("{2150E333-8FDC-42A3-9474-1A3956D46DE8}") = "WordMacros", "WordMacros", "{11F61D9C-6B9E-4358-A92D-7907AB6C2AD5}"
	ProjectSection(SolutionItems) = preProject
		Goodies\WordMacros\CleanAcordXML.bas = Goodies\WordMacros\CleanAcordXML.bas
		Goodies\WordMacros\Clipboard.bas = Goodies\WordMacros\Clipboard.bas
		Goodies\WordMacros\SendAsEmail.bas = Goodies\WordMacros\SendAsEmail.bas
		Goodies\WordMacros\UpdateProposal.bas = Goodies\WordMacros\UpdateProposal.bas
		Goodies\WordMacros\UpdateProposal.cls = Goodies\WordMacros\UpdateProposal.cls
		Goodies\WordMacros\WrapXML.bas = Goodies\WordMacros\WrapXML.bas
	EndProjectSection
EndProject
Project("{2150E333-8FDC-42A3-9474-1A3956D46DE8}") = "Installer", "Installer", "{0A69C4B1-1AC1-45F7-8F0C-5D2F1DAF17B7}"
	ProjectSection(SolutionItems) = preProject
		Goodies\Installer\Installer.iss = Goodies\Installer\Installer.iss
		Goodies\Installer\Lic.rtf = Goodies\Installer\Lic.rtf
		Goodies\Installer\sf-large.bmp = Goodies\Installer\sf-large.bmp
		Goodies\Installer\sf-small.bmp = Goodies\Installer\sf-small.bmp
		Goodies\Installer\surefireicon.ico = Goodies\Installer\surefireicon.ico
		Goodies\Installer\Wel.rtf = Goodies\Installer\Wel.rtf
	EndProjectSection
EndProject
Project("{FAE04EC0-301F-11D3-BF4B-00C04F79EFBC}") = "Surefire", "src\Surefire\Surefire.csproj", "{9BF5666E-8230-49B9-8B92-088FBF4857F6}"
EndProject
Project("{FAE04EC0-301F-11D3-BF4B-00C04F79EFBC}") = "Surefire.Tray", "src\Surefire.Tray\Surefire.Tray.csproj", "{B82021D6-9034-44F0-BBF5-EDB7D65F41EB}"
EndProject
Project("{FAE04EC0-301F-11D3-BF4B-00C04F79EFBC}") = "Surefire.Desktop", "src\Surefire.Desktop\Surefire.Desktop.csproj", "{E0BDC156-FBED-EFAA-15A9-B3CD6B78EC66}"
EndProject
Global
	GlobalSection(SolutionConfigurationPlatforms) = preSolution
		Debug|Any CPU = Debug|Any CPU
		Release|Any CPU = Release|Any CPU
	EndGlobalSection
	GlobalSection(ProjectConfigurationPlatforms) = postSolution
		{9BF5666E-8230-49B9-8B92-088FBF4857F6}.Debug|Any CPU.ActiveCfg = Debug|Any CPU
		{9BF5666E-8230-49B9-8B92-088FBF4857F6}.Debug|Any CPU.Build.0 = Debug|Any CPU
		{9BF5666E-8230-49B9-8B92-088FBF4857F6}.Release|Any CPU.ActiveCfg = Release|Any CPU
		{9BF5666E-8230-49B9-8B92-088FBF4857F6}.Release|Any CPU.Build.0 = Release|Any CPU
		{B82021D6-9034-44F0-BBF5-EDB7D65F41EB}.Debug|Any CPU.ActiveCfg = Debug|Any CPU
		{B82021D6-9034-44F0-BBF5-EDB7D65F41EB}.Debug|Any CPU.Build.0 = Debug|Any CPU
		{B82021D6-9034-44F0-BBF5-EDB7D65F41EB}.Release|Any CPU.ActiveCfg = Release|Any CPU
		{B82021D6-9034-44F0-BBF5-EDB7D65F41EB}.Release|Any CPU.Build.0 = Release|Any CPU
		{E0BDC156-FBED-EFAA-15A9-B3CD6B78EC66}.Debug|Any CPU.ActiveCfg = Debug|Any CPU
		{E0BDC156-FBED-EFAA-15A9-B3CD6B78EC66}.Debug|Any CPU.Build.0 = Debug|Any CPU
		{E0BDC156-FBED-EFAA-15A9-B3CD6B78EC66}.Release|Any CPU.ActiveCfg = Release|Any CPU
		{E0BDC156-FBED-EFAA-15A9-B3CD6B78EC66}.Release|Any CPU.Build.0 = Release|Any CPU
	EndGlobalSection
	GlobalSection(SolutionProperties) = preSolution
		HideSolutionNode = FALSE
	EndGlobalSection
	GlobalSection(NestedProjects) = preSolution
		{59A4B32B-4E22-416F-A337-0074CC48F2D5} = {7A746BFD-D342-4F67-8ADC-F461ACF73EC1}
		{11F61D9C-6B9E-4358-A92D-7907AB6C2AD5} = {7A746BFD-D342-4F67-8ADC-F461ACF73EC1}
		{0A69C4B1-1AC1-45F7-8F0C-5D2F1DAF17B7} = {7A746BFD-D342-4F67-8ADC-F461ACF73EC1}
	EndGlobalSection
	GlobalSection(ExtensibilityGlobals) = postSolution
		SolutionGuid = {1DB27740-CCD5-4B49-8E91-2DF484708326}
	EndGlobalSection
EndGlobal
